// !$*UTF8*$!
{
	archiveVersion = 1;
	classes = {
	};
	objectVersion = 77;
	objects = {

/* Begin PBXContainerItemProxy section */
		A7B587E92FAAE4BF00BCC542 /* PBXContainerItemProxy */ = {
			isa = PBXContainerItemProxy;
			containerPortal = A7B587D12FAAE4BE00BCC542 /* Project object */;
			proxyType = 1;
			remoteGlobalIDString = A7B587D82FAAE4BE00BCC542;
			remoteInfo = "dailio-jp";
		};
		A7B587F32FAAE4BF00BCC542 /* PBXContainerItemProxy */ = {
			isa = PBXContainerItemProxy;
			containerPortal = A7B587D12FAAE4BE00BCC542 /* Project object */;
			proxyType = 1;
			remoteGlobalIDString = A7B587D82FAAE4BE00BCC542;
			remoteInfo = "dailio-jp";
		};
/* End PBXContainerItemProxy section */

/* Begin PBXFileReference section */
		A7B587D92FAAE4BE00BCC542 /* dailio-jp.app */ = {isa = PBXFileReference; explicitFileType = wrapper.application; includeInIndex = 0; path = "dailio-jp.app"; sourceTree = BUILT_PRODUCTS_DIR; };
		A7B587E82FAAE4BF00BCC542 /* dailio-jpTests.xctest */ = {isa = PBXFileReference; explicitFileType = wrapper.cfbundle; includeInIndex = 0; path = "dailio-jpTests.xctest"; sourceTree = BUILT_PRODUCTS_DIR; };
		A7B587F22FAAE4BF00BCC542 /* dailio-jpUITests.xctest */ = {isa = PBXFileReference; explicitFileType = wrapper.cfbundle; includeInIndex = 0; path = "dailio-jpUITests.xctest"; sourceTree = BUILT_PRODUCTS_DIR; };
/* End PBXFileReference section */

/* Begin PBXFileSystemSynchronizedRootGroup section */
		A7B587DB2FAAE4BE00BCC542 /* dailio-jp */ = {
			isa = PBXFileSystemSynchronizedRootGroup;
			path = "dailio-jp";
			sourceTree = "<group>";
		};
		A7B587EB2FAAE4BF00BCC542 /* dailio-jpTests */ = {
			isa = PBXFileSystemSynchronizedRootGroup;
			path = "dailio-jpTests";
			sourceTree = "<group>";
		};
		A7B587F52FAAE4BF00BCC542 /* dailio-jpUITests */ = {
			isa = PBXFileSystemSynchronizedRootGroup;
			path = "dailio-jpUITests";
			sourceTree = "<group>";
		};
/* End PBXFileSystemSynchronizedRootGroup section */

/* Begin PBXFrameworksBuildPhase section */
		A7B587D62FAAE4BE00BCC542 /* Frameworks */ = {
			isa = PBXFrameworksBuildPhase;
			buildActionMask = 2147483647;
			files = (
			);
			runOnlyForDeploymentPostprocessing = 0;
		};
		A7B587E52FAAE4BF00BCC542 /* Frameworks */ = {
			isa = PBXFrameworksBuildPhase;
			buildActionMask = 2147483647;
			files = (
			);
			runOnlyForDeploymentPostprocessing = 0;
		};
		A7B587EF2FAAE4BF00BCC542 /* Frameworks */ = {
			isa = PBXFrameworksBuildPhase;
			buildActionMask = 2147483647;
			files = (
			);
			runOnlyForDeploymentPostprocessing = 0;
		};
/* End PBXFrameworksBuildPhase section */

/* Begin PBXGroup section */
		A7B587D02FAAE4BE00BCC542 = {
			isa = PBXGroup;
			children = (
				A7B587DB2FAAE4BE00BCC542 /* dailio-jp */,
				A7B587EB2FAAE4BF00BCC542 /* dailio-jpTests */,
				A7B587F52FAAE4BF00BCC542 /* dailio-jpUITests */,
				A7B587DA2FAAE4BE00BCC542 /* Products */,
			);
			sourceTree = "<group>";
		};
		A7B587DA2FAAE4BE00BCC542 /* Products */ = {
			isa = PBXGroup;
			children = (
				A7B587D92FAAE4BE00BCC542 /* dailio-jp.app */,
				A7B587E82FAAE4BF00BCC542 /* dailio-jpTests.xctest */,
				A7B587F22FAAE4BF00BCC542 /* dailio-jpUITests.xctest */,
			);
			name = Products;
			sourceTree = "<group>";
		};
/* End PBXGroup section */

/* Begin PBXNativeTarget section */
		A7B587D82FAAE4BE00BCC542 /* dailio-jp */ = {
			isa = PBXNativeTarget;
			buildConfigurationList = A7B587FC2FAAE4BF00BCC542 /* Build configuration list for PBXNativeTarget "dailio-jp" */;
			buildPhases = (
				A7B587D52FAAE4BE00BCC542 /* Sources */,
				A7B587D62FAAE4BE00BCC542 /* Frameworks */,
				A7B587D72FAAE4BE00BCC542 /* Resources */,
			);
			buildRules = (
			);
			dependencies = (
			);
			fileSystemSynchronizedGroups = (
				A7B587DB2FAAE4BE00BCC542 /* dailio-jp */,
			);
			name = "dailio-jp";
			packageProductDependencies = (
			);
			productName = "dailio-jp";
			productReference = A7B587D92FAAE4BE00BCC542 /* dailio-jp.app */;
			productType = "com.apple.product-type.application";
		};
		A7B587E72FAAE4BF00BCC542 /* dailio-jpTests */ = {
			isa = PBXNativeTarget;
			buildConfigurationList = A7B587FF2FAAE4BF00BCC542 /* Build configuration list for PBXNativeTarget "dailio-jpTests" */;
			buildPhases = (
				A7B587E42FAAE4BF00BCC542 /* Sources */,
				A7B587E52FAAE4BF00BCC542 /* Frameworks */,
				A7B587E62FAAE4BF00BCC542 /* Resources */,
			);
			buildRules = (
			);
			dependencies = (
				A7B587EA2FAAE4BF00BCC542 /* PBXTargetDependency */,
			);
			fileSystemSynchronizedGroups = (
				A7B587EB2FAAE4BF00BCC542 /* dailio-jpTests */,
			);
			name = "dailio-jpTests";
			packageProductDependencies = (
			);
			productName = "dailio-jpTests";
			productReference = A7B587E82FAAE4BF00BCC542 /* dailio-jpTests.xctest */;
			productType = "com.apple.product-type.bundle.unit-test";
		};
		A7B587F12FAAE4BF00BCC542 /* dailio-jpUITests */ = {
			isa = PBXNativeTarget;
			buildConfigurationList = A7B588022FAAE4BF00BCC542 /* Build configuration list for PBXNativeTarget "dailio-jpUITests" */;
			buildPhases = (
				A7B587EE2FAAE4BF00BCC542 /* Sources */,
				A7B587EF2FAAE4BF00BCC542 /* Frameworks */,
				A7B587F02FAAE4BF00BCC542 /* Resources */,
			);
			buildRules = (
			);
			dependencies = (
				A7B587F42FAAE4BF00BCC542 /* PBXTargetDependency */,
			);
			fileSystemSynchronizedGroups = (
				A7B587F52FAAE4BF00BCC542 /* dailio-jpUITests */,
			);
			name = "dailio-jpUITests";
			packageProductDependencies = (
			);
			productName = "dailio-jpUITests";
			productReference = A7B587F22FAAE4BF00BCC542 /* dailio-jpUITests.xctest */;
			productType = "com.apple.product-type.bundle.ui-testing";
		};
/* End PBXNativeTarget section */

/* Begin PBXProject section */
		A7B587D12FAAE4BE00BCC542 /* Project object */ = {
			isa = PBXProject;
			attributes = {
				BuildIndependentTargetsInParallel = 1;
				LastSwiftUpdateCheck = 2640;
				LastUpgradeCheck = 2640;
				TargetAttributes = {
					A7B587D82FAAE4BE00BCC542 = {
						CreatedOnToolsVersion = 26.4.1;
					};
					A7B587E72FAAE4BF00BCC542 = {
						CreatedOnToolsVersion = 26.4.1;
						TestTargetID = A7B587D82FAAE4BE00BCC542;
					};
					A7B587F12FAAE4BF00BCC542 = {
						CreatedOnToolsVersion = 26.4.1;
						TestTargetID = A7B587D82FAAE4BE00BCC542;
					};
				};
			};
			buildConfigurationList = A7B587D42FAAE4BE00BCC542 /* Build configuration list for PBXProject "dailio-jp" */;
			developmentRegion = en;
			hasScannedForEncodings = 0;
			knownRegions = (
				en,
				Base,
			);
			mainGroup = A7B587D02FAAE4BE00BCC542;
			minimizedProjectReferenceProxies = 1;
			preferredProjectObjectVersion = 77;
			productRefGroup = A7B587DA2FAAE4BE00BCC542 /* Products */;
			projectDirPath = "";
			projectRoot = "";
			targets = (
				A7B587D82FAAE4BE00BCC542 /* dailio-jp */,
				A7B587E72FAAE4BF00BCC542 /* dailio-jpTests */,
				A7B587F12FAAE4BF00BCC542 /* dailio-jpUITests */,
			);
		};
/* End PBXProject section */

/* Begin PBXResourcesBuildPhase section */
		A7B587D72FAAE4BE00BCC542 /* Resources */ = {
			isa = PBXResourcesBuildPhase;
			buildActionMask = 2147483647;
			files = (
			);
			runOnlyForDeploymentPostprocessing = 0;
		};
		A7B587E62FAAE4BF00BCC542 /* Resources */ = {
			isa = PBXResourcesBuildPhase;
			buildActionMask = 2147483647;
			files = (
			);
			runOnlyForDeploymentPostprocessing = 0;
		};
		A7B587F02FAAE4BF00BCC542 /* Resources */ = {
			isa = PBXResourcesBuildPhase;
			buildActionMask = 2147483647;
			files = (
			);
			runOnlyForDeploymentPostprocessing = 0;
		};
/* End PBXResourcesBuildPhase section */

/* Begin PBXSourcesBuildPhase section */
		A7B587D52FAAE4BE00BCC542 /* Sources */ = {
			isa = PBXSourcesBuildPhase;
			buildActionMask = 2147483647;
			files = (
			);
			runOnlyForDeploymentPostprocessing = 0;
		};
		A7B587E42FAAE4BF00BCC542 /* Sources */ = {
			isa = PBXSourcesBuildPhase;
			buildActionMask = 2147483647;
			files = (
			);
			runOnlyForDeploymentPostprocessing = 0;
		};
		A7B587EE2FAAE4BF00BCC542 /* Sources */ = {
			isa = PBXSourcesBuildPhase;
			buildActionMask = 2147483647;
			files = (
			);
			runOnlyForDeploymentPostprocessing = 0;
		};
/* End PBXSourcesBuildPhase section */

/* Begin PBXTargetDependency section */
		A7B587EA2FAAE4BF00BCC542 /* PBXTargetDependency */ = {
			isa = PBXTargetDependency;
			target = A7B587D82FAAE4BE00BCC542 /* dailio-jp */;
			targetProxy = A7B587E92FAAE4BF00BCC542 /* PBXContainerItemProxy */;
		};
		A7B587F42FAAE4BF00BCC542 /* PBXTargetDependency */ = {
			isa = PBXTargetDependency;
			target = A7B587D82FAAE4BE00BCC542 /* dailio-jp */;
			targetProxy = A7B587F32FAAE4BF00BCC542 /* PBXContainerItemProxy */;
		};
/* End PBXTargetDependency section */

/* Begin XCBuildConfiguration section */
		A7B587FA2FAAE4BF00BCC542 /* Debug */ = {
			isa = XCBuildConfiguration;
			buildSettings = {
				ALWAYS_SEARCH_USER_PATHS = NO;
				ASSETCATALOG_COMPILER_GENERATE_SWIFT_ASSET_SYMBOL_EXTENSIONS = YES;
				CLANG_ANALYZER_NONNULL = YES;
				CLANG_ANALYZER_NUMBER_OBJECT_CONVERSION = YES_AGGRESSIVE;
				CLANG_CXX_LANGUAGE_STANDARD = "gnu++20";
				CLANG_ENABLE_MODULES = YES;
				CLANG_ENABLE_OBJC_ARC = YES;
				CLANG_ENABLE_OBJC_WEAK = YES;
				CLANG_WARN_BLOCK_CAPTURE_AUTORELEASING = YES;
				CLANG_WARN_BOOL_CONVERSION = YES;
				CLANG_WARN_COMMA = YES;
				CLANG_WARN_CONSTANT_CONVERSION = YES;
				CLANG_WARN_DEPRECATED_OBJC_IMPLEMENTATIONS = YES;
				CLANG_WARN_DIRECT_OBJC_ISA_USAGE = YES_ERROR;
				CLANG_WARN_DOCUMENTATION_COMMENTS = YES;
				CLANG_WARN_EMPTY_BODY = YES;
				CLANG_WARN_ENUM_CONVERSION = YES;
				CLANG_WARN_INFINITE_RECURSION = YES;
				CLANG_WARN_INT_CONVERSION = YES;
				CLANG_WARN_NON_LITERAL_NULL_CONVERSION = YES;
				CLANG_WARN_OBJC_IMPLICIT_RETAIN_SELF = YES;
				CLANG_WARN_OBJC_LITERAL_CONVERSION = YES;
				CLANG_WARN_OBJC_ROOT_CLASS = YES_ERROR;
				CLANG_WARN_QUOTED_INCLUDE_IN_FRAMEWORK_HEADER = YES;
				CLANG_WARN_RANGE_LOOP_ANALYSIS = YES;
				CLANG_WARN_STRICT_PROTOTYPES = YES;
				CLANG_WARN_SUSPICIOUS_MOVE = YES;
				CLANG_WARN_UNGUARDED_AVAILABILITY = YES_AGGRESSIVE;
				CLANG_WARN_UNREACHABLE_CODE = YES;
				CLANG_WARN__DUPLICATE_METHOD_MATCH = YES;
				COPY_PHASE_STRIP = NO;
				DEBUG_INFORMATION_FORMAT = dwarf;
				DEVELOPMENT_TEAM = 4L2W8Y4RLS;
				ENABLE_STRICT_OBJC_MSGSEND = YES;
				ENABLE_TESTABILITY = YES;
				ENABLE_USER_SCRIPT_SANDBOXING = YES;
				GCC_C_LANGUAGE_STANDARD = gnu17;
				GCC_DYNAMIC_NO_PIC = NO;
				GCC_NO_COMMON_BLOCKS = YES;
				GCC_OPTIMIZATION_LEVEL = 0;
				GCC_PREPROCESSOR_DEFINITIONS = (
					"DEBUG=1",
					"$(inherited)",
				);
				GCC_WARN_64_TO_32_BIT_CONVERSION = YES;
				GCC_WARN_ABOUT_RETURN_TYPE = YES_ERROR;
				GCC_WARN_UNDECLARED_SELECTOR = YES;
				GCC_WARN_UNINITIALIZED_AUTOS = YES_AGGRESSIVE;
				GCC_WARN_UNUSED_FUNCTION = YES;
				GCC_WARN_UNUSED_VARIABLE = YES;
				IPHONEOS_DEPLOYMENT_TARGET = 26.4;
				LOCALIZATION_PREFERS_STRING_CATALOGS = YES;
				MTL_ENABLE_DEBUG_INFO = INCLUDE_SOURCE;
				MTL_FAST_MATH = YES;
				ONLY_ACTIVE_ARCH = YES;
				SDKROOT = iphoneos;
				SWIFT_ACTIVE_COMPILATION_CONDITIONS = "DEBUG $(inherited)";
				SWIFT_OPTIMIZATION_LEVEL = "-Onone";
			};
			name = Debug;
		};
		A7B587FB2FAAE4BF00BCC542 /* Release */ = {
			isa = XCBuildConfiguration;
			buildSettings = {
				ALWAYS_SEARCH_USER_PATHS = NO;
				ASSETCATALOG_COMPILER_GENERATE_SWIFT_ASSET_SYMBOL_EXTENSIONS = YES;
				CLANG_ANALYZER_NONNULL = YES;
				CLANG_ANALYZER_NUMBER_OBJECT_CONVERSION = YES_AGGRESSIVE;
				CLANG_CXX_LANGUAGE_STANDARD = "gnu++20";
				CLANG_ENABLE_MODULES = YES;
				CLANG_ENABLE_OBJC_ARC = YES;
				CLANG_ENABLE_OBJC_WEAK = YES;
				CLANG_WARN_BLOCK_CAPTURE_AUTORELEASING = YES;
				CLANG_WARN_BOOL_CONVERSION = YES;
				CLANG_WARN_COMMA = YES;
				CLANG_WARN_CONSTANT_CONVERSION = YES;
				CLANG_WARN_DEPRECATED_OBJC_IMPLEMENTATIONS = YES;
				CLANG_WARN_DIRECT_OBJC_ISA_USAGE = YES_ERROR;
				CLANG_WARN_DOCUMENTATION_COMMENTS = YES;
				CLANG_WARN_EMPTY_BODY = YES;
				CLANG_WARN_ENUM_CONVERSION = YES;
				CLANG_WARN_INFINITE_RECURSION = YES;
				CLANG_WARN_INT_CONVERSION = YES;
				CLANG_WARN_NON_LITERAL_NULL_CONVERSION = YES;
				CLANG_WARN_OBJC_IMPLICIT_RETAIN_SELF = YES;
				CLANG_WARN_OBJC_LITERAL_CONVERSION = YES;
				CLANG_WARN_OBJC_ROOT_CLASS = YES_ERROR;
				CLANG_WARN_QUOTED_INCLUDE_IN_FRAMEWORK_HEADER = YES;
				CLANG_WARN_RANGE_LOOP_ANALYSIS = YES;
				CLANG_WARN_STRICT_PROTOTYPES = YES;
				CLANG_WARN_SUSPICIOUS_MOVE = YES;
				CLANG_WARN_UNGUARDED_AVAILABILITY = YES_AGGRESSIVE;
				CLANG_WARN_UNREACHABLE_CODE = YES;
				CLANG_WARN__DUPLICATE_METHOD_MATCH = YES;
				COPY_PHASE_STRIP = NO;
				DEBUG_INFORMATION_FORMAT = "dwarf-with-dsym";
				DEVELOPMENT_TEAM = 4L2W8Y4RLS;
				ENABLE_NS_ASSERTIONS = NO;
				ENABLE_STRICT_OBJC_MSGSEND = YES;
				ENABLE_USER_SCRIPT_SANDBOXING = YES;
				GCC_C_LANGUAGE_STANDARD = gnu17;
				GCC_NO_COMMON_BLOCKS = YES;
				GCC_WARN_64_TO_32_BIT_CONVERSION = YES;
				GCC_WARN_ABOUT_RETURN_TYPE = YES_ERROR;
				GCC_WARN_UNDECLARED_SELECTOR = YES;
				GCC_WARN_UNINITIALIZED_AUTOS = YES_AGGRESSIVE;
				GCC_WARN_UNUSED_FUNCTION = YES;
				GCC_WARN_UNUSED_VARIABLE = YES;
				IPHONEOS_DEPLOYMENT_TARGET = 26.4;
				LOCALIZATION_PREFERS_STRING_CATALOGS = YES;
				MTL_ENABLE_DEBUG_INFO = NO;
				MTL_FAST_MATH = YES;
				SDKROOT = iphoneos;
				SWIFT_COMPILATION_MODE = wholemodule;
				VALIDATE_PRODUCT = YES;
			};
			name = Release;
		};
		A7B587FD2FAAE4BF00BCC542 /* Debug */ = {
			isa = XCBuildConfiguration;
			buildSettings = {
				ASSETCATALOG_COMPILER_APPICON_NAME = AppIcon;
				ASSETCATALOG_COMPILER_GLOBAL_ACCENT_COLOR_NAME = AccentColor;
				CODE_SIGN_ENTITLEMENTS = "dailio-jp/dailio-jp.entitlements";
				CODE_SIGN_STYLE = Automatic;
				CURRENT_PROJECT_VERSION = 1;
				DEVELOPMENT_TEAM = 4L2W8Y4RLS;
				ENABLE_PREVIEWS = YES;
				GENERATE_INFOPLIST_FILE = YES;
				INFOPLIST_KEY_CFBundleDisplayName = "シンプル気分記録";
				INFOPLIST_KEY_NSHealthShareUsageDescription = "睡眠データから前夜の睡眠時間を自動取得するために使用します。";
				INFOPLIST_KEY_NSHealthUpdateUsageDescription = "本アプリは健康データを書き込みません。";
				INFOPLIST_KEY_UIApplicationSceneManifest_Generation = YES;
				INFOPLIST_KEY_UIApplicationSupportsIndirectInputEvents = YES;
				INFOPLIST_KEY_UILaunchScreen_Generation = YES;
				INFOPLIST_KEY_UISupportedInterfaceOrientations_iPad = "UIInterfaceOrientationPortrait UIInterfaceOrientationPortraitUpsideDown UIInterfaceOrientationLandscapeLeft UIInterfaceOrientationLandscapeRight";
				INFOPLIST_KEY_UISupportedInterfaceOrientations_iPhone = "UIInterfaceOrientationPortrait UIInterfaceOrientationLandscapeLeft UIInterfaceOrientationLandscapeRight";
				LD_RUNPATH_SEARCH_PATHS = (
					"$(inherited)",
					"@executable_path/Frameworks",
				);
				MARKETING_VERSION = 1.0;
				PRODUCT_BUNDLE_IDENTIFIER = "niki.dailio-jp";
				PRODUCT_NAME = "$(TARGET_NAME)";
				STRING_CATALOG_GENERATE_SYMBOLS = YES;
				SWIFT_APPROACHABLE_CONCURRENCY = YES;
				SWIFT_DEFAULT_ACTOR_ISOLATION = MainActor;
				SWIFT_EMIT_LOC_STRINGS = YES;
				SWIFT_UPCOMING_FEATURE_MEMBER_IMPORT_VISIBILITY = YES;
				SWIFT_VERSION = 5.0;
				TARGETED_DEVICE_FAMILY = "1,2";
			};
			name = Debug;
		};
		A7B587FE2FAAE4BF00BCC542 /* Release */ = {
			isa = XCBuildConfiguration;
			buildSettings = {
				ASSETCATALOG_COMPILER_APPICON_NAME = AppIcon;
				ASSETCATALOG_COMPILER_GLOBAL_ACCENT_COLOR_NAME = AccentColor;
				CODE_SIGN_ENTITLEMENTS = "dailio-jp/dailio-jp.entitlements";
				CODE_SIGN_STYLE = Automatic;
				CURRENT_PROJECT_VERSION = 1;
				DEVELOPMENT_TEAM = 4L2W8Y4RLS;
				ENABLE_PREVIEWS = YES;
				GENERATE_INFOPLIST_FILE = YES;
				INFOPLIST_KEY_CFBundleDisplayName = "シンプル気分記録";
				INFOPLIST_KEY_NSHealthShareUsageDescription = "睡眠データから前夜の睡眠時間を自動取得するために使用します。";
				INFOPLIST_KEY_NSHealthUpdateUsageDescription = "本アプリは健康データを書き込みません。";
				INFOPLIST_KEY_UIApplicationSceneManifest_Generation = YES;
				INFOPLIST_KEY_UIApplicationSupportsIndirectInputEvents = YES;
				INFOPLIST_KEY_UILaunchScreen_Generation = YES;
				INFOPLIST_KEY_UISupportedInterfaceOrientations_iPad = "UIInterfaceOrientationPortrait UIInterfaceOrientationPortraitUpsideDown UIInterfaceOrientationLandscapeLeft UIInterfaceOrientationLandscapeRight";
				INFOPLIST_KEY_UISupportedInterfaceOrientations_iPhone = "UIInterfaceOrientationPortrait UIInterfaceOrientationLandscapeLeft UIInterfaceOrientationLandscapeRight";
				LD_RUNPATH_SEARCH_PATHS = (
					"$(inherited)",
					"@executable_path/Frameworks",
				);
				MARKETING_VERSION = 1.0;
				PRODUCT_BUNDLE_IDENTIFIER = "niki.dailio-jp";
				PRODUCT_NAME = "$(TARGET_NAME)";
				STRING_CATALOG_GENERATE_SYMBOLS = YES;
				SWIFT_APPROACHABLE_CONCURRENCY = YES;
				SWIFT_DEFAULT_ACTOR_ISOLATION = MainActor;
				SWIFT_EMIT_LOC_STRINGS = YES;
				SWIFT_UPCOMING_FEATURE_MEMBER_IMPORT_VISIBILITY = YES;
				SWIFT_VERSION = 5.0;
				TARGETED_DEVICE_FAMILY = "1,2";
			};
			name = Release;
		};
		A7B588002FAAE4BF00BCC542 /* Debug */ = {
			isa = XCBuildConfiguration;
			buildSettings = {
				BUNDLE_LOADER = "$(TEST_HOST)";
				CODE_SIGN_STYLE = Automatic;
				CURRENT_PROJECT_VERSION = 1;
				DEVELOPMENT_TEAM = 4L2W8Y4RLS;
				GENERATE_INFOPLIST_FILE = YES;
				IPHONEOS_DEPLOYMENT_TARGET = 26.4;
				MARKETING_VERSION = 1.0;
				PRODUCT_BUNDLE_IDENTIFIER = "niki.dailio-jpTests";
				PRODUCT_NAME = "$(TARGET_NAME)";
				STRING_CATALOG_GENERATE_SYMBOLS = NO;
				SWIFT_APPROACHABLE_CONCURRENCY = YES;
				SWIFT_EMIT_LOC_STRINGS = NO;
				SWIFT_UPCOMING_FEATURE_MEMBER_IMPORT_VISIBILITY = YES;
				SWIFT_VERSION = 5.0;
				TARGETED_DEVICE_FAMILY = "1,2";
				TEST_HOST = "$(BUILT_PRODUCTS_DIR)/dailio-jp.app/$(BUNDLE_EXECUTABLE_FOLDER_PATH)/dailio-jp";
			};
			name = Debug;
		};
		A7B588012FAAE4BF00BCC542 /* Release */ = {
			isa = XCBuildConfiguration;
			buildSettings = {
				BUNDLE_LOADER = "$(TEST_HOST)";
				CODE_SIGN_STYLE = Automatic;
				CURRENT_PROJECT_VERSION = 1;
				DEVELOPMENT_TEAM = 4L2W8Y4RLS;
				GENERATE_INFOPLIST_FILE = YES;
				IPHONEOS_DEPLOYMENT_TARGET = 26.4;
				MARKETING_VERSION = 1.0;
				PRODUCT_BUNDLE_IDENTIFIER = "niki.dailio-jpTests";
				PRODUCT_NAME = "$(TARGET_NAME)";
				STRING_CATALOG_GENERATE_SYMBOLS = NO;
				SWIFT_APPROACHABLE_CONCURRENCY = YES;
				SWIFT_EMIT_LOC_STRINGS = NO;
				SWIFT_UPCOMING_FEATURE_MEMBER_IMPORT_VISIBILITY = YES;
				SWIFT_VERSION = 5.0;
				TARGETED_DEVICE_FAMILY = "1,2";
				TEST_HOST = "$(BUILT_PRODUCTS_DIR)/dailio-jp.app/$(BUNDLE_EXECUTABLE_FOLDER_PATH)/dailio-jp";
			};
			name = Release;
		};
		A7B588032FAAE4BF00BCC542 /* Debug */ = {
			isa = XCBuildConfiguration;
			buildSettings = {
				CODE_SIGN_STYLE = Automatic;
				CURRENT_PROJECT_VERSION = 1;
				DEVELOPMENT_TEAM = 4L2W8Y4RLS;
				GENERATE_INFOPLIST_FILE = YES;
				MARKETING_VERSION = 1.0;
				PRODUCT_BUNDLE_IDENTIFIER = "niki.dailio-jpUITests";
				PRODUCT_NAME = "$(TARGET_NAME)";
				STRING_CATALOG_GENERATE_SYMBOLS = NO;
				SWIFT_APPROACHABLE_CONCURRENCY = YES;
				SWIFT_EMIT_LOC_STRINGS = NO;
				SWIFT_UPCOMING_FEATURE_MEMBER_IMPORT_VISIBILITY = YES;
				SWIFT_VERSION = 5.0;
				TARGETED_DEVICE_FAMILY = "1,2";
				TEST_TARGET_NAME = "dailio-jp";
			};
			name = Debug;
		};
		A7B588042FAAE4BF00BCC542 /* Release */ = {
			isa = XCBuildConfiguration;
			buildSettings = {
				CODE_SIGN_STYLE = Automatic;
				CURRENT_PROJECT_VERSION = 1;
				DEVELOPMENT_TEAM = 4L2W8Y4RLS;
				GENERATE_INFOPLIST_FILE = YES;
				MARKETING_VERSION = 1.0;
				PRODUCT_BUNDLE_IDENTIFIER = "niki.dailio-jpUITests";
				PRODUCT_NAME = "$(TARGET_NAME)";
				STRING_CATALOG_GENERATE_SYMBOLS = NO;
				SWIFT_APPROACHABLE_CONCURRENCY = YES;
				SWIFT_EMIT_LOC_STRINGS = NO;
				SWIFT_UPCOMING_FEATURE_MEMBER_IMPORT_VISIBILITY = YES;
				SWIFT_VERSION = 5.0;
				TARGETED_DEVICE_FAMILY = "1,2";
				TEST_TARGET_NAME = "dailio-jp";
			};
			name = Release;
		};
/* End XCBuildConfiguration section */

/* Begin XCConfigurationList section */
		A7B587D42FAAE4BE00BCC542 /* Build configuration list for PBXProject "dailio-jp" */ = {
			isa = XCConfigurationList;
			buildConfigurations = (
				A7B587FA2FAAE4BF00BCC542 /* Debug */,
				A7B587FB2FAAE4BF00BCC542 /* Release */,
			);
			defaultConfigurationIsVisible = 0;
			defaultConfigurationName = Release;
		};
		A7B587FC2FAAE4BF00BCC542 /* Build configuration list for PBXNativeTarget "dailio-jp" */ = {
			isa = XCConfigurationList;
			buildConfigurations = (
				A7B587FD2FAAE4BF00BCC542 /* Debug */,
				A7B587FE2FAAE4BF00BCC542 /* Release */,
			);
			defaultConfigurationIsVisible = 0;
			defaultConfigurationName = Release;
		};
		A7B587FF2FAAE4BF00BCC542 /* Build configuration list for PBXNativeTarget "dailio-jpTests" */ = {
			isa = XCConfigurationList;
			buildConfigurations = (
				A7B588002FAAE4BF00BCC542 /* Debug */,
				A7B588012FAAE4BF00BCC542 /* Release */,
			);
			defaultConfigurationIsVisible = 0;
			defaultConfigurationName = Release;
		};
		A7B588022FAAE4BF00BCC542 /* Build configuration list for PBXNativeTarget "dailio-jpUITests" */ = {
			isa = XCConfigurationList;
			buildConfigurations = (
				A7B588032FAAE4BF00BCC542 /* Debug */,
				A7B588042FAAE4BF00BCC542 /* Release */,
			);
			defaultConfigurationIsVisible = 0;
			defaultConfigurationName = Release;
		};
/* End XCConfigurationList section */
	};
	rootObject = A7B587D12FAAE4BE00BCC542 /* Project object */;
}
